
Microsoft Visual Studio Solution File, Format Version 12.00
# Visual Studio Version 16
VisualStudioVersion = 16.0.29409.12
MinimumVisualStudioVersion = 10.0.40219.1
Project("{FAE04EC0-301F-11D3-BF4B-00C04F79EFBC}") = "ToDoApi", "ToDoApi\ToDoApi.csproj", "{A909FC93-5303-4F65-A281-0B0044B2B683}"
EndProject
Global
	GlobalSection(SolutionConfigurationPlatforms) = preSolution
		Debug|Any CPU = Debug|Any CPU
		Release|Any CPU = Release|Any CPU
	EndGlobalSection
	GlobalSection(ProjectConfigurationPlatforms) = postSolution
		{A909FC93-5303-4F65-A281-0B0044B2B683}.Debug|Any CPU.ActiveCfg = Debug|Any CPU
		{A909FC93-5303-4F65-A281-0B0044B2B683}.Debug|Any CPU.Build.0 = Debug|Any CPU
		{A909FC93-5303-4F65-A281-0B0044B2B683}.Release|Any CPU.ActiveCfg = Release|Any CPU
		{A909FC93-5303-4F65-A281-0B0044B2B683}.Release|Any CPU.Build.0 = Release|Any CPU
	EndGlobalSection
	GlobalSection(SolutionProperties) = preSolution
		HideSolutionNode = FALSE
	EndGlobalSection
	GlobalSection(ExtensibilityGlobals) = postSolution
		SolutionGuid = {1EDB5B56-26A4-4DC5-A2ED-80185C5DEE69}
	EndGlobalSection
EndGlobal
